// !$*UTF8*$!
{
	archiveVersion = 1;
	classes = {
	};
	objectVersion = 46;
	objects = {

/* Begin PBXBuildFile section */
		7C692C0D2027CF8500529D85 /* sparseMatrix.cpp in Sources */ = {isa = PBXBuildFile; fileRef = 7C692C0B2027CF8500529D85 /* sparseMatrix.cpp */; };
		7C7E4AA420277D9700347B53 /* sparseArray.cpp in Sources */ = {isa = PBXBuildFile; fileRef = 7C7E4AA320277D9700347B53 /* sparseArray.cpp */; };
		7C9B42221E9ADD7100B2D9B1 /* maxFlowTest.cpp in Sources */ = {isa = PBXBuildFile; fileRef = 7C9B42201E9ADD7100B2D9B1 /* maxFlowTest.cpp */; };
		C32F2A8D1E843F89002745BA /* spAlltest.cpp in Sources */ = {isa = PBXBuildFile; fileRef = C32F2A8C1E843F89002745BA /* spAlltest.cpp */; };
		C349526D1CB5645900775030 /* main.cpp in Sources */ = {isa = PBXBuildFile; fileRef = C349526C1CB5645900775030 /* main.cpp */; };
		C3EF88091E8EC7D6007146B5 /* spAllDagTest.cpp in Sources */ = {isa = PBXBuildFile; fileRef = C3EF88081E8EC7D6007146B5 /* spAllDagTest.cpp */; };
/* End PBXBuildFile section */

/* Begin PBXCopyFilesBuildPhase section */
		C34952671CB5645900775030 /* CopyFiles */ = {
			isa = PBXCopyFilesBuildPhase;
			buildActionMask = 2147483647;
			dstPath = /usr/share/man/man1/;
			dstSubfolderSpec = 0;
			files = (
			);
			runOnlyForDeploymentPostprocessing = 1;
		};
/* End PBXCopyFilesBuildPhase section */

/* Begin PBXFileReference section */
		7C2B3A19207020DD002A6EBC /* Event.h */ = {isa = PBXFileReference; fileEncoding = 4; lastKnownFileType = sourcecode.c.h; name = Event.h; path = ../../SmartTypes/SmartTypes/Event.h; sourceTree = "<group>"; };
		7C692C0B2027CF8500529D85 /* sparseMatrix.cpp */ = {isa = PBXFileReference; lastKnownFileType = sourcecode.cpp.cpp; path = sparseMatrix.cpp; sourceTree = "<group>"; };
		7C692C0C2027CF8500529D85 /* sparseMatrix.hpp */ = {isa = PBXFileReference; lastKnownFileType = sourcecode.cpp.h; path = sparseMatrix.hpp; sourceTree = "<group>"; };
		7C791DAF1CBB00AE005300DC /* searchGraph.h */ = {isa = PBXFileReference; lastKnownFileType = sourcecode.c.h; path = searchGraph.h; sourceTree = "<group>"; };
		7C7E4AA220277D9700347B53 /* sparseArray.hpp */ = {isa = PBXFileReference; lastKnownFileType = sourcecode.cpp.h; path = sparseArray.hpp; sourceTree = "<group>"; };
		7C7E4AA320277D9700347B53 /* sparseArray.cpp */ = {isa = PBXFileReference; lastKnownFileType = sourcecode.cpp.cpp; path = sparseArray.cpp; sourceTree = "<group>"; };
		7C9B42201E9ADD7100B2D9B1 /* maxFlowTest.cpp */ = {isa = PBXFileReference; fileEncoding = 4; lastKnownFileType = sourcecode.cpp.cpp; path = maxFlowTest.cpp; sourceTree = "<group>"; };
		7C9B42211E9ADD7100B2D9B1 /* maxFlow.h */ = {isa = PBXFileReference; fileEncoding = 4; lastKnownFileType = sourcecode.c.h; path = maxFlow.h; sourceTree = "<group>"; };
		7C9C96F6222C34B9002B9293 /* hasMember.h */ = {isa = PBXFileReference; lastKnownFileType = sourcecode.c.h; path = hasMember.h; sourceTree = "<group>"; };
		C30CC58B1CCA75DF003E7B6E /* dag.h */ = {isa = PBXFileReference; lastKnownFileType = sourcecode.c.h; path = dag.h; sourceTree = "<group>"; };
		C30CC58C1CCBC51A003E7B6E /* strongComponents.h */ = {isa = PBXFileReference; lastKnownFileType = sourcecode.c.h; path = strongComponents.h; sourceTree = "<group>"; };
		C30CC58D1CCBDF3E003E7B6E /* debug.h */ = {isa = PBXFileReference; lastKnownFileType = sourcecode.c.h; path = debug.h; sourceTree = "<group>"; };
		C310A22A1CBD52D10063657F /* graphGen.h */ = {isa = PBXFileReference; lastKnownFileType = sourcecode.c.h; path = graphGen.h; sourceTree = "<group>"; };
		C31A17FF1E6EF71400F2FDE2 /* mst.h */ = {isa = PBXFileReference; lastKnownFileType = sourcecode.c.h; path = mst.h; sourceTree = "<group>"; };
		C31A18001E72F25200F2FDE2 /* spt.h */ = {isa = PBXFileReference; lastKnownFileType = sourcecode.c.h; path = spt.h; sourceTree = "<group>"; };
		C32F2A8C1E843F89002745BA /* spAlltest.cpp */ = {isa = PBXFileReference; fileEncoding = 4; lastKnownFileType = sourcecode.cpp.cpp; path = spAlltest.cpp; sourceTree = "<group>"; };
		C3329AE11E7AB8F600FB60DF /* disjointSet.h */ = {isa = PBXFileReference; lastKnownFileType = sourcecode.c.h; path = disjointSet.h; sourceTree = "<group>"; };
		C33D5C1620336D8C00FBFB9C /* smartGraph.h */ = {isa = PBXFileReference; lastKnownFileType = sourcecode.c.h; path = smartGraph.h; sourceTree = "<group>"; };
		C34952691CB5645900775030 /* Graphs */ = {isa = PBXFileReference; explicitFileType = "compiled.mach-o.executable"; includeInIndex = 0; path = Graphs; sourceTree = BUILT_PRODUCTS_DIR; };
		C349526C1CB5645900775030 /* main.cpp */ = {isa = PBXFileReference; lastKnownFileType = sourcecode.cpp.cpp; path = main.cpp; sourceTree = "<group>"; };
		C34952731CB564B000775030 /* graphBase.h */ = {isa = PBXFileReference; lastKnownFileType = sourcecode.c.h; lineEnding = 0; path = graphBase.h; sourceTree = "<group>"; xcLanguageSpecificationIdentifier = xcode.lang.objcpp; };
		C34952751CB6BBC100775030 /* matrix.h */ = {isa = PBXFileReference; lastKnownFileType = sourcecode.c.h; path = matrix.h; sourceTree = "<group>"; };
		C34952761CB6BBF700775030 /* denseGraph.h */ = {isa = PBXFileReference; lastKnownFileType = sourcecode.c.h; path = denseGraph.h; sourceTree = "<group>"; };
		C34952781CB7BC7600775030 /* for_iter.h */ = {isa = PBXFileReference; fileEncoding = 4; lastKnownFileType = sourcecode.c.h; path = for_iter.h; sourceTree = "<group>"; };
		C34952791CB7EE0600775030 /* sparseGraph.h */ = {isa = PBXFileReference; lastKnownFileType = sourcecode.c.h; path = sparseGraph.h; sourceTree = "<group>"; };
		C350F2AF1E81933B00364F39 /* spAll.h */ = {isa = PBXFileReference; lastKnownFileType = sourcecode.c.h; path = spAll.h; sourceTree = "<group>"; };
		C36704C41CC1677900EC1DD9 /* directedGraph.h */ = {isa = PBXFileReference; lastKnownFileType = sourcecode.c.h; path = directedGraph.h; sourceTree = "<group>"; };
		C3EF88071E8EC7B3007146B5 /* spAllDag.h */ = {isa = PBXFileReference; lastKnownFileType = sourcecode.c.h; path = spAllDag.h; sourceTree = "<group>"; };
		C3EF88081E8EC7D6007146B5 /* spAllDagTest.cpp */ = {isa = PBXFileReference; fileEncoding = 4; lastKnownFileType = sourcecode.cpp.cpp; path = spAllDagTest.cpp; sourceTree = "<group>"; };
		C3F74B171E6878C9008F51A2 /* weightedGraph.h */ = {isa = PBXFileReference; lastKnownFileType = sourcecode.c.h; path = weightedGraph.h; sourceTree = "<group>"; };
/* End PBXFileReference section */

/* Begin PBXFrameworksBuildPhase section */
		C34952661CB5645900775030 /* Frameworks */ = {
			isa = PBXFrameworksBuildPhase;
			buildActionMask = 2147483647;
			files = (
			);
			runOnlyForDeploymentPostprocessing = 0;
		};
/* End PBXFrameworksBuildPhase section */

/* Begin PBXGroup section */
		C34952601CB5645900775030 = {
			isa = PBXGroup;
			children = (
				C349526B1CB5645900775030 /* Graphs */,
				C349526A1CB5645900775030 /* Products */,
			);
			sourceTree = "<group>";
		};
		C349526A1CB5645900775030 /* Products */ = {
			isa = PBXGroup;
			children = (
				C34952691CB5645900775030 /* Graphs */,
			);
			name = Products;
			sourceTree = "<group>";
		};
		C349526B1CB5645900775030 /* Graphs */ = {
			isa = PBXGroup;
			children = (
				7C2B3A19207020DD002A6EBC /* Event.h */,
				C30CC58D1CCBDF3E003E7B6E /* debug.h */,
				7C9C96F6222C34B9002B9293 /* hasMember.h */,
				C34952781CB7BC7600775030 /* for_iter.h */,
				7C7E4AA220277D9700347B53 /* sparseArray.hpp */,
				7C7E4AA320277D9700347B53 /* sparseArray.cpp */,
				C34952751CB6BBC100775030 /* matrix.h */,
				7C692C0C2027CF8500529D85 /* sparseMatrix.hpp */,
				7C692C0B2027CF8500529D85 /* sparseMatrix.cpp */,
				C34952731CB564B000775030 /* graphBase.h */,
				C34952761CB6BBF700775030 /* denseGraph.h */,
				C34952791CB7EE0600775030 /* sparseGraph.h */,
				C33D5C1620336D8C00FBFB9C /* smartGraph.h */,
				C310A22A1CBD52D10063657F /* graphGen.h */,
				7C791DAF1CBB00AE005300DC /* searchGraph.h */,
				C36704C41CC1677900EC1DD9 /* directedGraph.h */,
				C30CC58C1CCBC51A003E7B6E /* strongComponents.h */,
				C30CC58B1CCA75DF003E7B6E /* dag.h */,
				C3F74B171E6878C9008F51A2 /* weightedGraph.h */,
				C3329AE11E7AB8F600FB60DF /* disjointSet.h */,
				C31A17FF1E6EF71400F2FDE2 /* mst.h */,
				C31A18001E72F25200F2FDE2 /* spt.h */,
				C350F2AF1E81933B00364F39 /* spAll.h */,
				C32F2A8C1E843F89002745BA /* spAlltest.cpp */,
				C3EF88071E8EC7B3007146B5 /* spAllDag.h */,
				C3EF88081E8EC7D6007146B5 /* spAllDagTest.cpp */,
				7C9B42211E9ADD7100B2D9B1 /* maxFlow.h */,
				7C9B42201E9ADD7100B2D9B1 /* maxFlowTest.cpp */,
				C349526C1CB5645900775030 /* main.cpp */,
			);
			path = Graphs;
			sourceTree = "<group>";
		};
/* End PBXGroup section */

/* Begin PBXNativeTarget section */
		C34952681CB5645900775030 /* Graphs */ = {
			isa = PBXNativeTarget;
			buildConfigurationList = C34952701CB5645900775030 /* Build configuration list for PBXNativeTarget "Graphs" */;
			buildPhases = (
				C34952651CB5645900775030 /* Sources */,
				C34952661CB5645900775030 /* Frameworks */,
				C34952671CB5645900775030 /* CopyFiles */,
			);
			buildRules = (
			);
			dependencies = (
			);
			name = Graphs;
			productName = Graphs;
			productReference = C34952691CB5645900775030 /* Graphs */;
			productType = "com.apple.product-type.tool";
		};
/* End PBXNativeTarget section */

/* Begin PBXProject section */
		C34952611CB5645900775030 /* Project object */ = {
			isa = PBXProject;
			attributes = {
				LastUpgradeCheck = 0930;
				ORGANIZATIONNAME = "Oleg Bakharev";
				TargetAttributes = {
					C34952681CB5645900775030 = {
						CreatedOnToolsVersion = 7.3;
					};
				};
			};
			buildConfigurationList = C34952641CB5645900775030 /* Build configuration list for PBXProject "Graphs" */;
			compatibilityVersion = "Xcode 3.2";
			developmentRegion = English;
			hasScannedForEncodings = 0;
			knownRegions = (
				en,
			);
			mainGroup = C34952601CB5645900775030;
			productRefGroup = C349526A1CB5645900775030 /* Products */;
			projectDirPath = "";
			projectRoot = "";
			targets = (
				C34952681CB5645900775030 /* Graphs */,
			);
		};
/* End PBXProject section */

/* Begin PBXSourcesBuildPhase section */
		C34952651CB5645900775030 /* Sources */ = {
			isa = PBXSourcesBuildPhase;
			buildActionMask = 2147483647;
			files = (
				C3EF88091E8EC7D6007146B5 /* spAllDagTest.cpp in Sources */,
				C32F2A8D1E843F89002745BA /* spAlltest.cpp in Sources */,
				7C692C0D2027CF8500529D85 /* sparseMatrix.cpp in Sources */,
				7C9B42221E9ADD7100B2D9B1 /* maxFlowTest.cpp in Sources */,
				7C7E4AA420277D9700347B53 /* sparseArray.cpp in Sources */,
				C349526D1CB5645900775030 /* main.cpp in Sources */,
			);
			runOnlyForDeploymentPostprocessing = 0;
		};
/* End PBXSourcesBuildPhase section */

/* Begin XCBuildConfiguration section */
		C349526E1CB5645900775030 /* Debug */ = {
			isa = XCBuildConfiguration;
			buildSettings = {
				ALWAYS_SEARCH_USER_PATHS = NO;
				CLANG_ANALYZER_NONNULL = YES;
				CLANG_CXX_LANGUAGE_STANDARD = "c++17";
				CLANG_CXX_LIBRARY = "libc++";
				CLANG_ENABLE_MODULES = YES;
				CLANG_ENABLE_OBJC_ARC = YES;
				CLANG_WARN_BLOCK_CAPTURE_AUTORELEASING = YES;
				CLANG_WARN_BOOL_CONVERSION = YES;
				CLANG_WARN_COMMA = YES;
				CLANG_WARN_CONSTANT_CONVERSION = YES;
				CLANG_WARN_CXX0X_EXTENSIONS = NO;
				CLANG_WARN_DEPRECATED_OBJC_IMPLEMENTATIONS = YES;
				CLANG_WARN_DIRECT_OBJC_ISA_USAGE = YES_ERROR;
				CLANG_WARN_EMPTY_BODY = YES;
				CLANG_WARN_ENUM_CONVERSION = YES;
				CLANG_WARN_INFINITE_RECURSION = YES;
				CLANG_WARN_INT_CONVERSION = YES;
				CLANG_WARN_NON_LITERAL_NULL_CONVERSION = YES;
				CLANG_WARN_OBJC_IMPLICIT_RETAIN_SELF = YES;
				CLANG_WARN_OBJC_LITERAL_CONVERSION = YES;
				CLANG_WARN_OBJC_ROOT_CLASS = YES_ERROR;
				CLANG_WARN_RANGE_LOOP_ANALYSIS = YES;
				CLANG_WARN_STRICT_PROTOTYPES = YES;
				CLANG_WARN_SUSPICIOUS_MOVE = YES;
				CLANG_WARN_UNREACHABLE_CODE = YES;
				CLANG_WARN__DUPLICATE_METHOD_MATCH = YES;
				CODE_SIGN_IDENTITY = "-";
				COPY_PHASE_STRIP = NO;
				DEBUG_INFORMATION_FORMAT = dwarf;
				ENABLE_STRICT_OBJC_MSGSEND = YES;
				ENABLE_TESTABILITY = YES;
				GCC_C_LANGUAGE_STANDARD = gnu99;
				GCC_DYNAMIC_NO_PIC = NO;
				GCC_NO_COMMON_BLOCKS = YES;
				GCC_OPTIMIZATION_LEVEL = 0;
				GCC_PREPROCESSOR_DEFINITIONS = (
					"DEBUG=1",
					"$(inherited)",
				);
				GCC_WARN_64_TO_32_BIT_CONVERSION = YES;
				GCC_WARN_ABOUT_RETURN_TYPE = YES_ERROR;
				GCC_WARN_UNDECLARED_SELECTOR = YES;
				GCC_WARN_UNINITIALIZED_AUTOS = YES_AGGRESSIVE;
				GCC_WARN_UNUSED_FUNCTION = YES;
				GCC_WARN_UNUSED_VARIABLE = YES;
				MACOSX_DEPLOYMENT_TARGET = 10.11;
				MTL_ENABLE_DEBUG_INFO = YES;
				ONLY_ACTIVE_ARCH = YES;
				SDKROOT = macosx;
			};
			name = Debug;
		};
		C349526F1CB5645900775030 /* Release */ = {
			isa = XCBuildConfiguration;
			buildSettings = {
				ALWAYS_SEARCH_USER_PATHS = NO;
				CLANG_ANALYZER_NONNULL = YES;
				CLANG_CXX_LANGUAGE_STANDARD = "c++17";
				CLANG_CXX_LIBRARY = "libc++";
				CLANG_ENABLE_MODULES = YES;
				CLANG_ENABLE_OBJC_ARC = YES;
				CLANG_WARN_BLOCK_CAPTURE_AUTORELEASING = YES;
				CLANG_WARN_BOOL_CONVERSION = YES;
				CLANG_WARN_COMMA = YES;
				CLANG_WARN_CONSTANT_CONVERSION = YES;
				CLANG_WARN_CXX0X_EXTENSIONS = NO;
				CLANG_WARN_DEPRECATED_OBJC_IMPLEMENTATIONS = YES;
				CLANG_WARN_DIRECT_OBJC_ISA_USAGE = YES_ERROR;
				CLANG_WARN_EMPTY_BODY = YES;
				CLANG_WARN_ENUM_CONVERSION = YES;
				CLANG_WARN_INFINITE_RECURSION = YES;
				CLANG_WARN_INT_CONVERSION = YES;
				CLANG_WARN_NON_LITERAL_NULL_CONVERSION = YES;
				CLANG_WARN_OBJC_IMPLICIT_RETAIN_SELF = YES;
				CLANG_WARN_OBJC_LITERAL_CONVERSION = YES;
				CLANG_WARN_OBJC_ROOT_CLASS = YES_ERROR;
				CLANG_WARN_RANGE_LOOP_ANALYSIS = YES;
				CLANG_WARN_STRICT_PROTOTYPES = YES;
				CLANG_WARN_SUSPICIOUS_MOVE = YES;
				CLANG_WARN_UNREACHABLE_CODE = YES;
				CLANG_WARN__DUPLICATE_METHOD_MATCH = YES;
				CODE_SIGN_IDENTITY = "-";
				COPY_PHASE_STRIP = NO;
				DEBUG_INFORMATION_FORMAT = "dwarf-with-dsym";
				ENABLE_NS_ASSERTIONS = NO;
				ENABLE_STRICT_OBJC_MSGSEND = YES;
				GCC_C_LANGUAGE_STANDARD = gnu99;
				GCC_NO_COMMON_BLOCKS = YES;
				GCC_WARN_64_TO_32_BIT_CONVERSION = YES;
				GCC_WARN_ABOUT_RETURN_TYPE = YES_ERROR;
				GCC_WARN_UNDECLARED_SELECTOR = YES;
				GCC_WARN_UNINITIALIZED_AUTOS = YES_AGGRESSIVE;
				GCC_WARN_UNUSED_FUNCTION = YES;
				GCC_WARN_UNUSED_VARIABLE = YES;
				MACOSX_DEPLOYMENT_TARGET = 10.11;
				MTL_ENABLE_DEBUG_INFO = NO;
				SDKROOT = macosx;
			};
			name = Release;
		};
		C34952711CB5645900775030 /* Debug */ = {
			isa = XCBuildConfiguration;
			buildSettings = {
				PRODUCT_NAME = "$(TARGET_NAME)";
			};
			name = Debug;
		};
		C34952721CB5645900775030 /* Release */ = {
			isa = XCBuildConfiguration;
			buildSettings = {
				GCC_PREPROCESSOR_DEFINITIONS = NDEBUG;
				PRODUCT_NAME = "$(TARGET_NAME)";
			};
			name = Release;
		};
/* End XCBuildConfiguration section */

/* Begin XCConfigurationList section */
		C34952641CB5645900775030 /* Build configuration list for PBXProject "Graphs" */ = {
			isa = XCConfigurationList;
			buildConfigurations = (
				C349526E1CB5645900775030 /* Debug */,
				C349526F1CB5645900775030 /* Release */,
			);
			defaultConfigurationIsVisible = 0;
			defaultConfigurationName = Release;
		};
		C34952701CB5645900775030 /* Build configuration list for PBXNativeTarget "Graphs" */ = {
			isa = XCConfigurationList;
			buildConfigurations = (
				C34952711CB5645900775030 /* Debug */,
				C34952721CB5645900775030 /* Release */,
			);
			defaultConfigurationIsVisible = 0;
			defaultConfigurationName = Release;
		};
/* End XCConfigurationList section */
	};
	rootObject = C34952611CB5645900775030 /* Project object */;
}
